// !$*UTF8*$!
{
	archiveVersion = 1;
	classes = {
	};
	objectVersion = 46;
	objects = {

/* Begin PBXBuildFile section */
		6C416D6B1CD16950003F41C8 /* TicketCheckerViewController.m in Sources */ = {isa = PBXBuildFile; fileRef = 6C416D6A1CD16950003F41C8 /* TicketCheckerViewController.m */; };
		6C5ECAC51CD2E21E00D84A9E /* CellViewController.m in Sources */ = {isa = PBXBuildFile; fileRef = 6C5ECAC41CD2E21E00D84A9E /* CellViewController.m */; };
		6C971D411CC7E1E20032AE70 /* main.m in Sources */ = {isa = PBXBuildFile; fileRef = 6C971D401CC7E1E20032AE70 /* main.m */; };
		6C971D441CC7E1E20032AE70 /* AppDelegate.m in Sources */ = {isa = PBXBuildFile; fileRef = 6C971D431CC7E1E20032AE70 /* AppDelegate.m */; };
		6C971D4A1CC7E1E20032AE70 /* Main.storyboard in Resources */ = {isa = PBXBuildFile; fileRef = 6C971D481CC7E1E20032AE70 /* Main.storyboard */; };
		6C971D4C1CC7E1E20032AE70 /* Assets.xcassets in Resources */ = {isa = PBXBuildFile; fileRef = 6C971D4B1CC7E1E20032AE70 /* Assets.xcassets */; };
		6C971D4F1CC7E1E20032AE70 /* LaunchScreen.storyboard in Resources */ = {isa = PBXBuildFile; fileRef = 6C971D4D1CC7E1E20032AE70 /* LaunchScreen.storyboard */; };
		6C971D581CC7E1FF0032AE70 /* LotteryTickets.m in Sources */ = {isa = PBXBuildFile; fileRef = 6C971D571CC7E1FF0032AE70 /* LotteryTickets.m */; };
		6C971D5B1CC7EA960032AE70 /* LotteryViewControllerTableViewController.m in Sources */ = {isa = PBXBuildFile; fileRef = 6C971D5A1CC7EA960032AE70 /* LotteryViewControllerTableViewController.m */; };
/* End PBXBuildFile section */

/* Begin PBXFileReference section */
		6C416D691CD16950003F41C8 /* TicketCheckerViewController.h */ = {isa = PBXFileReference; fileEncoding = 4; lastKnownFileType = sourcecode.c.h; name = TicketCheckerViewController.h; path = ../TicketCheckerViewController.h; sourceTree = "<group>"; };
		6C416D6A1CD16950003F41C8 /* TicketCheckerViewController.m */ = {isa = PBXFileReference; fileEncoding = 4; lastKnownFileType = sourcecode.c.objc; name = TicketCheckerViewController.m; path = ../TicketCheckerViewController.m; sourceTree = "<group>"; };
		6C5ECAC31CD2E21E00D84A9E /* CellViewController.h */ = {isa = PBXFileReference; fileEncoding = 4; lastKnownFileType = sourcecode.c.h; path = CellViewController.h; sourceTree = "<group>"; };
		6C5ECAC41CD2E21E00D84A9E /* CellViewController.m */ = {isa = PBXFileReference; fileEncoding = 4; lastKnownFileType = sourcecode.c.objc; path = CellViewController.m; sourceTree = "<group>"; };
		6C971D3C1CC7E1E20032AE70 /* JackpotRedo.app */ = {isa = PBXFileReference; explicitFileType = wrapper.application; includeInIndex = 0; path = JackpotRedo.app; sourceTree = BUILT_PRODUCTS_DIR; };
		6C971D401CC7E1E20032AE70 /* main.m */ = {isa = PBXFileReference; lastKnownFileType = sourcecode.c.objc; path = main.m; sourceTree = "<group>"; };
		6C971D421CC7E1E20032AE70 /* AppDelegate.h */ = {isa = PBXFileReference; lastKnownFileType = sourcecode.c.h; path = AppDelegate.h; sourceTree = "<group>"; };
		6C971D431CC7E1E20032AE70 /* AppDelegate.m */ = {isa = PBXFileReference; lastKnownFileType = sourcecode.c.objc; path = AppDelegate.m; sourceTree = "<group>"; };
		6C971D491CC7E1E20032AE70 /* Base */ = {isa = PBXFileReference; lastKnownFileType = file.storyboard; name = Base; path = Base.lproj/Main.storyboard; sourceTree = "<group>"; };
		6C971D4B1CC7E1E20032AE70 /* Assets.xcassets */ = {isa = PBXFileReference; lastKnownFileType = folder.assetcatalog; path = Assets.xcassets; sourceTree = "<group>"; };
		6C971D4E1CC7E1E20032AE70 /* Base */ = {isa = PBXFileReference; lastKnownFileType = file.storyboard; name = Base; path = Base.lproj/LaunchScreen.storyboard; sourceTree = "<group>"; };
		6C971D501CC7E1E20032AE70 /* Info.plist */ = {isa = PBXFileReference; lastKnownFileType = text.plist.xml; path = Info.plist; sourceTree = "<group>"; };
		6C971D561CC7E1FF0032AE70 /* LotteryTickets.h */ = {isa = PBXFileReference; fileEncoding = 4; lastKnownFileType = sourcecode.c.h; name = LotteryTickets.h; path = ../LotteryTickets.h; sourceTree = "<group>"; };
		6C971D571CC7E1FF0032AE70 /* LotteryTickets.m */ = {isa = PBXFileReference; fileEncoding = 4; lastKnownFileType = sourcecode.c.objc; name = LotteryTickets.m; path = ../LotteryTickets.m; sourceTree = "<group>"; };
		6C971D591CC7EA960032AE70 /* LotteryViewControllerTableViewController.h */ = {isa = PBXFileReference; fileEncoding = 4; lastKnownFileType = sourcecode.c.h; name = LotteryViewControllerTableViewController.h; path = ../LotteryViewControllerTableViewController.h; sourceTree = "<group>"; };
		6C971D5A1CC7EA960032AE70 /* LotteryViewControllerTableViewController.m */ = {isa = PBXFileReference; fileEncoding = 4; lastKnownFileType = sourcecode.c.objc; name = LotteryViewControllerTableViewController.m; path = ../LotteryViewControllerTableViewController.m; sourceTree = "<group>"; };
/* End PBXFileReference section */

/* Begin PBXFrameworksBuildPhase section */
		6C971D391CC7E1E20032AE70 /* Frameworks */ = {
			isa = PBXFrameworksBuildPhase;
			buildActionMask = 2147483647;
			files = (
			);
			runOnlyForDeploymentPostprocessing = 0;
		};
/* End PBXFrameworksBuildPhase section */

/* Begin PBXGroup section */
		6C971D331CC7E1E20032AE70 = {
			isa = PBXGroup;
			children = (
				6C971D3E1CC7E1E20032AE70 /* JackpotRedo */,
				6C971D3D1CC7E1E20032AE70 /* Products */,
			);
			sourceTree = "<group>";
		};
		6C971D3D1CC7E1E20032AE70 /* Products */ = {
			isa = PBXGroup;
			children = (
				6C971D3C1CC7E1E20032AE70 /* JackpotRedo.app */,
			);
			name = Products;
			sourceTree = "<group>";
		};
		6C971D3E1CC7E1E20032AE70 /* JackpotRedo */ = {
			isa = PBXGroup;
			children = (
				6C5ECAC31CD2E21E00D84A9E /* CellViewController.h */,
				6C5ECAC41CD2E21E00D84A9E /* CellViewController.m */,
				6C416D691CD16950003F41C8 /* TicketCheckerViewController.h */,
				6C416D6A1CD16950003F41C8 /* TicketCheckerViewController.m */,
				6C971D591CC7EA960032AE70 /* LotteryViewControllerTableViewController.h */,
				6C971D5A1CC7EA960032AE70 /* LotteryViewControllerTableViewController.m */,
				6C971D561CC7E1FF0032AE70 /* LotteryTickets.h */,
				6C971D571CC7E1FF0032AE70 /* LotteryTickets.m */,
				6C971D421CC7E1E20032AE70 /* AppDelegate.h */,
				6C971D431CC7E1E20032AE70 /* AppDelegate.m */,
				6C971D481CC7E1E20032AE70 /* Main.storyboard */,
				6C971D4B1CC7E1E20032AE70 /* Assets.xcassets */,
				6C971D4D1CC7E1E20032AE70 /* LaunchScreen.storyboard */,
				6C971D501CC7E1E20032AE70 /* Info.plist */,
				6C971D3F1CC7E1E20032AE70 /* Supporting Files */,
			);
			path = JackpotRedo;
			sourceTree = "<group>";
		};
		6C971D3F1CC7E1E20032AE70 /* Supporting Files */ = {
			isa = PBXGroup;
			children = (
				6C971D401CC7E1E20032AE70 /* main.m */,
			);
			name = "Supporting Files";
			sourceTree = "<group>";
		};
/* End PBXGroup section */

/* Begin PBXNativeTarget section */
		6C971D3B1CC7E1E20032AE70 /* JackpotRedo */ = {
			isa = PBXNativeTarget;
			buildConfigurationList = 6C971D531CC7E1E20032AE70 /* Build configuration list for PBXNativeTarget "JackpotRedo" */;
			buildPhases = (
				6C971D381CC7E1E20032AE70 /* Sources */,
				6C971D391CC7E1E20032AE70 /* Frameworks */,
				6C971D3A1CC7E1E20032AE70 /* Resources */,
			);
			buildRules = (
			);
			dependencies = (
			);
			name = JackpotRedo;
			productName = JackpotRedo;
			productReference = 6C971D3C1CC7E1E20032AE70 /* JackpotRedo.app */;
			productType = "com.apple.product-type.application";
		};
/* End PBXNativeTarget section */

/* Begin PBXProject section */
		6C971D341CC7E1E20032AE70 /* Project object */ = {
			isa = PBXProject;
			attributes = {
				LastUpgradeCheck = 0720;
				ORGANIZATIONNAME = moorsideinc;
				TargetAttributes = {
					6C971D3B1CC7E1E20032AE70 = {
						CreatedOnToolsVersion = 7.2.1;
					};
				};
			};
			buildConfigurationList = 6C971D371CC7E1E20032AE70 /* Build configuration list for PBXProject "JackpotRedo" */;
			compatibilityVersion = "Xcode 3.2";
			developmentRegion = English;
			hasScannedForEncodings = 0;
			knownRegions = (
				en,
				Base,
			);
			mainGroup = 6C971D331CC7E1E20032AE70;
			productRefGroup = 6C971D3D1CC7E1E20032AE70 /* Products */;
			projectDirPath = "";
			projectRoot = "";
			targets = (
				6C971D3B1CC7E1E20032AE70 /* JackpotRedo */,
			);
		};
/* End PBXProject section */

/* Begin PBXResourcesBuildPhase section */
		6C971D3A1CC7E1E20032AE70 /* Resources */ = {
			isa = PBXResourcesBuildPhase;
			buildActionMask = 2147483647;
			files = (
				6C971D4F1CC7E1E20032AE70 /* LaunchScreen.storyboard in Resources */,
				6C971D4C1CC7E1E20032AE70 /* Assets.xcassets in Resources */,
				6C971D4A1CC7E1E20032AE70 /* Main.storyboard in Resources */,
			);
			runOnlyForDeploymentPostprocessing = 0;
		};
/* End PBXResourcesBuildPhase section */

/* Begin PBXSourcesBuildPhase section */
		6C971D381CC7E1E20032AE70 /* Sources */ = {
			isa = PBXSourcesBuildPhase;
			buildActionMask = 2147483647;
			files = (
				6C5ECAC51CD2E21E00D84A9E /* CellViewController.m in Sources */,
				6C971D581CC7E1FF0032AE70 /* LotteryTickets.m in Sources */,
				6C971D441CC7E1E20032AE70 /* AppDelegate.m in Sources */,
				6C971D5B1CC7EA960032AE70 /* LotteryViewControllerTableViewController.m in Sources */,
				6C971D411CC7E1E20032AE70 /* main.m in Sources */,
				6C416D6B1CD16950003F41C8 /* TicketCheckerViewController.m in Sources */,
			);
			runOnlyForDeploymentPostprocessing = 0;
		};
/* End PBXSourcesBuildPhase section */

/* Begin PBXVariantGroup section */
		6C971D481CC7E1E20032AE70 /* Main.storyboard */ = {
			isa = PBXVariantGroup;
			children = (
				6C971D491CC7E1E20032AE70 /* Base */,
			);
			name = Main.storyboard;
			sourceTree = "<group>";
		};
		6C971D4D1CC7E1E20032AE70 /* LaunchScreen.storyboard */ = {
			isa = PBXVariantGroup;
			children = (
				6C971D4E1CC7E1E20032AE70 /* Base */,
			);
			name = LaunchScreen.storyboard;
			sourceTree = "<group>";
		};
/* End PBXVariantGroup section */

/* Begin XCBuildConfiguration section */
		6C971D511CC7E1E20032AE70 /* Debug */ = {
			isa = XCBuildConfiguration;
			buildSettings = {
				ALWAYS_SEARCH_USER_PATHS = NO;
				CLANG_CXX_LANGUAGE_STANDARD = "gnu++0x";
				CLANG_CXX_LIBRARY = "libc++";
				CLANG_ENABLE_MODULES = YES;
				CLANG_ENABLE_OBJC_ARC = YES;
				CLANG_WARN_BOOL_CONVERSION = YES;
				CLANG_WARN_CONSTANT_CONVERSION = YES;
				CLANG_WARN_DIRECT_OBJC_ISA_USAGE = YES_ERROR;
				CLANG_WARN_EMPTY_BODY = YES;
				CLANG_WARN_ENUM_CONVERSION = YES;
				CLANG_WARN_INT_CONVERSION = YES;
				CLANG_WARN_OBJC_ROOT_CLASS = YES_ERROR;
				CLANG_WARN_UNREACHABLE_CODE = YES;
				CLANG_WARN__DUPLICATE_METHOD_MATCH = YES;
				"CODE_SIGN_IDENTITY[sdk=iphoneos*]" = "iPhone Developer";
				COPY_PHASE_STRIP = NO;
				DEBUG_INFORMATION_FORMAT = dwarf;
				ENABLE_STRICT_OBJC_MSGSEND = YES;
				ENABLE_TESTABILITY = YES;
				GCC_C_LANGUAGE_STANDARD = gnu99;
				GCC_DYNAMIC_NO_PIC = NO;
				GCC_NO_COMMON_BLOCKS = YES;
				GCC_OPTIMIZATION_LEVEL = 0;
				GCC_PREPROCESSOR_DEFINITIONS = (
					"DEBUG=1",
					"$(inherited)",
				);
				GCC_WARN_64_TO_32_BIT_CONVERSION = YES;
				GCC_WARN_ABOUT_RETURN_TYPE = YES_ERROR;
				GCC_WARN_UNDECLARED_SELECTOR = YES;
				GCC_WARN_UNINITIALIZED_AUTOS = YES_AGGRESSIVE;
				GCC_WARN_UNUSED_FUNCTION = YES;
				GCC_WARN_UNUSED_VARIABLE = YES;
				IPHONEOS_DEPLOYMENT_TARGET = 9.2;
				MTL_ENABLE_DEBUG_INFO = YES;
				ONLY_ACTIVE_ARCH = YES;
				SDKROOT = iphoneos;
			};
			name = Debug;
		};
		6C971D521CC7E1E20032AE70 /* Release */ = {
			isa = XCBuildConfiguration;
			buildSettings = {
				ALWAYS_SEARCH_USER_PATHS = NO;
				CLANG_CXX_LANGUAGE_STANDARD = "gnu++0x";
				CLANG_CXX_LIBRARY = "libc++";
				CLANG_ENABLE_MODULES = YES;
				CLANG_ENABLE_OBJC_ARC = YES;
				CLANG_WARN_BOOL_CONVERSION = YES;
				CLANG_WARN_CONSTANT_CONVERSION = YES;
				CLANG_WARN_DIRECT_OBJC_ISA_USAGE = YES_ERROR;
				CLANG_WARN_EMPTY_BODY = YES;
				CLANG_WARN_ENUM_CONVERSION = YES;
				CLANG_WARN_INT_CONVERSION = YES;
				CLANG_WARN_OBJC_ROOT_CLASS = YES_ERROR;
				CLANG_WARN_UNREACHABLE_CODE = YES;
				CLANG_WARN__DUPLICATE_METHOD_MATCH = YES;
				"CODE_SIGN_IDENTITY[sdk=iphoneos*]" = "iPhone Developer";
				COPY_PHASE_STRIP = NO;
				DEBUG_INFORMATION_FORMAT = "dwarf-with-dsym";
				ENABLE_NS_ASSERTIONS = NO;
				ENABLE_STRICT_OBJC_MSGSEND = YES;
				GCC_C_LANGUAGE_STANDARD = gnu99;
				GCC_NO_COMMON_BLOCKS = YES;
				GCC_WARN_64_TO_32_BIT_CONVERSION = YES;
				GCC_WARN_ABOUT_RETURN_TYPE = YES_ERROR;
				GCC_WARN_UNDECLARED_SELECTOR = YES;
				GCC_WARN_UNINITIALIZED_AUTOS = YES_AGGRESSIVE;
				GCC_WARN_UNUSED_FUNCTION = YES;
				GCC_WARN_UNUSED_VARIABLE = YES;
				IPHONEOS_DEPLOYMENT_TARGET = 9.2;
				MTL_ENABLE_DEBUG_INFO = NO;
				SDKROOT = iphoneos;
				VALIDATE_PRODUCT = YES;
			};
			name = Release;
		};
		6C971D541CC7E1E20032AE70 /* Debug */ = {
			isa = XCBuildConfiguration;
			buildSettings = {
				ASSETCATALOG_COMPILER_APPICON_NAME = AppIcon;
				INFOPLIST_FILE = JackpotRedo/Info.plist;
				LD_RUNPATH_SEARCH_PATHS = "$(inherited) @executable_path/Frameworks";
				PRODUCT_BUNDLE_IDENTIFIER = com.moorsideinc.JackpotRedo;
				PRODUCT_NAME = "$(TARGET_NAME)";
			};
			name = Debug;
		};
		6C971D551CC7E1E20032AE70 /* Release */ = {
			isa = XCBuildConfiguration;
			buildSettings = {
				ASSETCATALOG_COMPILER_APPICON_NAME = AppIcon;
				INFOPLIST_FILE = JackpotRedo/Info.plist;
				LD_RUNPATH_SEARCH_PATHS = "$(inherited) @executable_path/Frameworks";
				PRODUCT_BUNDLE_IDENTIFIER = com.moorsideinc.JackpotRedo;
				PRODUCT_NAME = "$(TARGET_NAME)";
			};
			name = Release;
		};
/* End XCBuildConfiguration section */

/* Begin XCConfigurationList section */
		6C971D371CC7E1E20032AE70 /* Build configuration list for PBXProject "JackpotRedo" */ = {
			isa = XCConfigurationList;
			buildConfigurations = (
				6C971D511CC7E1E20032AE70 /* Debug */,
				6C971D521CC7E1E20032AE70 /* Release */,
			);
			defaultConfigurationIsVisible = 0;
			defaultConfigurationName = Release;
		};
		6C971D531CC7E1E20032AE70 /* Build configuration list for PBXNativeTarget "JackpotRedo" */ = {
			isa = XCConfigurationList;
			buildConfigurations = (
				6C971D541CC7E1E20032AE70 /* Debug */,
				6C971D551CC7E1E20032AE70 /* Release */,
			);
			defaultConfigurationIsVisible = 0;
			defaultConfigurationName = Release;
		};
/* End XCConfigurationList section */
	};
	rootObject = 6C971D341CC7E1E20032AE70 /* Project object */;
}
