// !$*UTF8*$!
{
	archiveVersion = 1;
	classes = {
	};
	objectVersion = 46;
	objects = {

/* Begin PBXBuildFile section */
		6C1521AB1CDF089100779598 /* Location.m in Sources */ = {isa = PBXBuildFile; fileRef = 6C1521AA1CDF089100779598 /* Location.m */; };
		6C1521AE1CDF0C1600779598 /* CurrentForecast.m in Sources */ = {isa = PBXBuildFile; fileRef = 6C1521AD1CDF0C1600779598 /* CurrentForecast.m */; };
		6C3A811D1CE1E58E00B56C2E /* DetailForecastViewController.m in Sources */ = {isa = PBXBuildFile; fileRef = 6C3A811C1CE1E58E00B56C2E /* DetailForecastViewController.m */; };
		6C3A81201CE1F9E500B56C2E /* WeeklyForecast.m in Sources */ = {isa = PBXBuildFile; fileRef = 6C3A811F1CE1F9E500B56C2E /* WeeklyForecast.m */; };
		6C75B02A1CDEEB5100B4CB10 /* main.m in Sources */ = {isa = PBXBuildFile; fileRef = 6C75B0291CDEEB5100B4CB10 /* main.m */; };
		6C75B02D1CDEEB5100B4CB10 /* AppDelegate.m in Sources */ = {isa = PBXBuildFile; fileRef = 6C75B02C1CDEEB5100B4CB10 /* AppDelegate.m */; };
		6C75B0331CDEEB5100B4CB10 /* Main.storyboard in Resources */ = {isa = PBXBuildFile; fileRef = 6C75B0311CDEEB5100B4CB10 /* Main.storyboard */; };
		6C75B0351CDEEB5100B4CB10 /* Assets.xcassets in Resources */ = {isa = PBXBuildFile; fileRef = 6C75B0341CDEEB5100B4CB10 /* Assets.xcassets */; };
		6C75B0381CDEEB5100B4CB10 /* LaunchScreen.storyboard in Resources */ = {isa = PBXBuildFile; fileRef = 6C75B0361CDEEB5100B4CB10 /* LaunchScreen.storyboard */; };
		6C75B0401CDEEB6A00B4CB10 /* CoreLocation.framework in Frameworks */ = {isa = PBXBuildFile; fileRef = 6C75B03F1CDEEB6A00B4CB10 /* CoreLocation.framework */; };
		6C75B0431CDEF41D00B4CB10 /* MainViewController.m in Sources */ = {isa = PBXBuildFile; fileRef = 6C75B0421CDEF41D00B4CB10 /* MainViewController.m */; };
		6C75B0491CDEF82D00B4CB10 /* CellView.m in Sources */ = {isa = PBXBuildFile; fileRef = 6C75B0481CDEF82D00B4CB10 /* CellView.m */; };
		6CE0AF2D1CE264CA00B31710 /* DailyForecast.m in Sources */ = {isa = PBXBuildFile; fileRef = 6CE0AF2C1CE264CA00B31710 /* DailyForecast.m */; };
		6CE0AF301CE27FAC00B31710 /* WeeklyForecastTViewController.m in Sources */ = {isa = PBXBuildFile; fileRef = 6CE0AF2F1CE27FAC00B31710 /* WeeklyForecastTViewController.m */; };
		6CE0AF331CE284DD00B31710 /* CellViewWeekly.m in Sources */ = {isa = PBXBuildFile; fileRef = 6CE0AF321CE284DD00B31710 /* CellViewWeekly.m */; };
/* End PBXBuildFile section */

/* Begin PBXFileReference section */
		6C1521A91CDF089100779598 /* Location.h */ = {isa = PBXFileReference; fileEncoding = 4; lastKnownFileType = sourcecode.c.h; path = Location.h; sourceTree = "<group>"; };
		6C1521AA1CDF089100779598 /* Location.m */ = {isa = PBXFileReference; fileEncoding = 4; lastKnownFileType = sourcecode.c.objc; path = Location.m; sourceTree = "<group>"; };
		6C1521AC1CDF0C1600779598 /* CurrentForecast.h */ = {isa = PBXFileReference; fileEncoding = 4; lastKnownFileType = sourcecode.c.h; path = CurrentForecast.h; sourceTree = "<group>"; };
		6C1521AD1CDF0C1600779598 /* CurrentForecast.m */ = {isa = PBXFileReference; fileEncoding = 4; lastKnownFileType = sourcecode.c.objc; path = CurrentForecast.m; sourceTree = "<group>"; };
		6C3A811B1CE1E58E00B56C2E /* DetailForecastViewController.h */ = {isa = PBXFileReference; fileEncoding = 4; lastKnownFileType = sourcecode.c.h; path = DetailForecastViewController.h; sourceTree = "<group>"; };
		6C3A811C1CE1E58E00B56C2E /* DetailForecastViewController.m */ = {isa = PBXFileReference; fileEncoding = 4; lastKnownFileType = sourcecode.c.objc; path = DetailForecastViewController.m; sourceTree = "<group>"; };
		6C3A811E1CE1F9E500B56C2E /* WeeklyForecast.h */ = {isa = PBXFileReference; fileEncoding = 4; lastKnownFileType = sourcecode.c.h; path = WeeklyForecast.h; sourceTree = "<group>"; };
		6C3A811F1CE1F9E500B56C2E /* WeeklyForecast.m */ = {isa = PBXFileReference; fileEncoding = 4; lastKnownFileType = sourcecode.c.objc; path = WeeklyForecast.m; sourceTree = "<group>"; };
		6C75B0251CDEEB5100B4CB10 /* Forecaster.app */ = {isa = PBXFileReference; explicitFileType = wrapper.application; includeInIndex = 0; path = Forecaster.app; sourceTree = BUILT_PRODUCTS_DIR; };
		6C75B0291CDEEB5100B4CB10 /* main.m */ = {isa = PBXFileReference; lastKnownFileType = sourcecode.c.objc; path = main.m; sourceTree = "<group>"; };
		6C75B02B1CDEEB5100B4CB10 /* AppDelegate.h */ = {isa = PBXFileReference; lastKnownFileType = sourcecode.c.h; path = AppDelegate.h; sourceTree = "<group>"; };
		6C75B02C1CDEEB5100B4CB10 /* AppDelegate.m */ = {isa = PBXFileReference; lastKnownFileType = sourcecode.c.objc; path = AppDelegate.m; sourceTree = "<group>"; };
		6C75B0321CDEEB5100B4CB10 /* Base */ = {isa = PBXFileReference; lastKnownFileType = file.storyboard; name = Base; path = Base.lproj/Main.storyboard; sourceTree = "<group>"; };
		6C75B0341CDEEB5100B4CB10 /* Assets.xcassets */ = {isa = PBXFileReference; lastKnownFileType = folder.assetcatalog; path = Assets.xcassets; sourceTree = "<group>"; };
		6C75B0371CDEEB5100B4CB10 /* Base */ = {isa = PBXFileReference; lastKnownFileType = file.storyboard; name = Base; path = Base.lproj/LaunchScreen.storyboard; sourceTree = "<group>"; };
		6C75B0391CDEEB5100B4CB10 /* Info.plist */ = {isa = PBXFileReference; lastKnownFileType = text.plist.xml; path = Info.plist; sourceTree = "<group>"; };
		6C75B03F1CDEEB6A00B4CB10 /* CoreLocation.framework */ = {isa = PBXFileReference; lastKnownFileType = wrapper.framework; name = CoreLocation.framework; path = System/Library/Frameworks/CoreLocation.framework; sourceTree = SDKROOT; };
		6C75B0411CDEF41D00B4CB10 /* MainViewController.h */ = {isa = PBXFileReference; fileEncoding = 4; lastKnownFileType = sourcecode.c.h; path = MainViewController.h; sourceTree = "<group>"; };
		6C75B0421CDEF41D00B4CB10 /* MainViewController.m */ = {isa = PBXFileReference; fileEncoding = 4; lastKnownFileType = sourcecode.c.objc; path = MainViewController.m; sourceTree = "<group>"; };
		6C75B0471CDEF82D00B4CB10 /* CellView.h */ = {isa = PBXFileReference; fileEncoding = 4; lastKnownFileType = sourcecode.c.h; path = CellView.h; sourceTree = "<group>"; };
		6C75B0481CDEF82D00B4CB10 /* CellView.m */ = {isa = PBXFileReference; fileEncoding = 4; lastKnownFileType = sourcecode.c.objc; path = CellView.m; sourceTree = "<group>"; };
		6CE0AF2B1CE264CA00B31710 /* DailyForecast.h */ = {isa = PBXFileReference; fileEncoding = 4; lastKnownFileType = sourcecode.c.h; path = DailyForecast.h; sourceTree = "<group>"; };
		6CE0AF2C1CE264CA00B31710 /* DailyForecast.m */ = {isa = PBXFileReference; fileEncoding = 4; lastKnownFileType = sourcecode.c.objc; path = DailyForecast.m; sourceTree = "<group>"; };
		6CE0AF2E1CE27FAC00B31710 /* WeeklyForecastTViewController.h */ = {isa = PBXFileReference; fileEncoding = 4; lastKnownFileType = sourcecode.c.h; path = WeeklyForecastTViewController.h; sourceTree = "<group>"; };
		6CE0AF2F1CE27FAC00B31710 /* WeeklyForecastTViewController.m */ = {isa = PBXFileReference; fileEncoding = 4; lastKnownFileType = sourcecode.c.objc; path = WeeklyForecastTViewController.m; sourceTree = "<group>"; };
		6CE0AF311CE284DD00B31710 /* CellViewWeekly.h */ = {isa = PBXFileReference; fileEncoding = 4; lastKnownFileType = sourcecode.c.h; path = CellViewWeekly.h; sourceTree = "<group>"; };
		6CE0AF321CE284DD00B31710 /* CellViewWeekly.m */ = {isa = PBXFileReference; fileEncoding = 4; lastKnownFileType = sourcecode.c.objc; path = CellViewWeekly.m; sourceTree = "<group>"; };
/* End PBXFileReference section */

/* Begin PBXFrameworksBuildPhase section */
		6C75B0221CDEEB5100B4CB10 /* Frameworks */ = {
			isa = PBXFrameworksBuildPhase;
			buildActionMask = 2147483647;
			files = (
				6C75B0401CDEEB6A00B4CB10 /* CoreLocation.framework in Frameworks */,
			);
			runOnlyForDeploymentPostprocessing = 0;
		};
/* End PBXFrameworksBuildPhase section */

/* Begin PBXGroup section */
		6C75B01C1CDEEB5100B4CB10 = {
			isa = PBXGroup;
			children = (
				6C75B03F1CDEEB6A00B4CB10 /* CoreLocation.framework */,
				6C75B0271CDEEB5100B4CB10 /* Forecaster */,
				6C75B0261CDEEB5100B4CB10 /* Products */,
			);
			sourceTree = "<group>";
		};
		6C75B0261CDEEB5100B4CB10 /* Products */ = {
			isa = PBXGroup;
			children = (
				6C75B0251CDEEB5100B4CB10 /* Forecaster.app */,
			);
			name = Products;
			sourceTree = "<group>";
		};
		6C75B0271CDEEB5100B4CB10 /* Forecaster */ = {
			isa = PBXGroup;
			children = (
				6C75B02B1CDEEB5100B4CB10 /* AppDelegate.h */,
				6C75B02C1CDEEB5100B4CB10 /* AppDelegate.m */,
				6C75B0311CDEEB5100B4CB10 /* Main.storyboard */,
				6CE0AF2E1CE27FAC00B31710 /* WeeklyForecastTViewController.h */,
				6CE0AF2F1CE27FAC00B31710 /* WeeklyForecastTViewController.m */,
				6CE0AF311CE284DD00B31710 /* CellViewWeekly.h */,
				6CE0AF321CE284DD00B31710 /* CellViewWeekly.m */,
				6C75B0471CDEF82D00B4CB10 /* CellView.h */,
				6C75B0481CDEF82D00B4CB10 /* CellView.m */,
				6C75B0411CDEF41D00B4CB10 /* MainViewController.h */,
				6C75B0421CDEF41D00B4CB10 /* MainViewController.m */,
				6C3A811B1CE1E58E00B56C2E /* DetailForecastViewController.h */,
				6C3A811C1CE1E58E00B56C2E /* DetailForecastViewController.m */,
				6C1521A91CDF089100779598 /* Location.h */,
				6C1521AA1CDF089100779598 /* Location.m */,
				6C3A811E1CE1F9E500B56C2E /* WeeklyForecast.h */,
				6C3A811F1CE1F9E500B56C2E /* WeeklyForecast.m */,
				6CE0AF2B1CE264CA00B31710 /* DailyForecast.h */,
				6CE0AF2C1CE264CA00B31710 /* DailyForecast.m */,
				6C1521AC1CDF0C1600779598 /* CurrentForecast.h */,
				6C1521AD1CDF0C1600779598 /* CurrentForecast.m */,
				6C75B0341CDEEB5100B4CB10 /* Assets.xcassets */,
				6C75B0361CDEEB5100B4CB10 /* LaunchScreen.storyboard */,
				6C75B0391CDEEB5100B4CB10 /* Info.plist */,
				6C75B0281CDEEB5100B4CB10 /* Supporting Files */,
			);
			path = Forecaster;
			sourceTree = "<group>";
		};
		6C75B0281CDEEB5100B4CB10 /* Supporting Files */ = {
			isa = PBXGroup;
			children = (
				6C75B0291CDEEB5100B4CB10 /* main.m */,
			);
			name = "Supporting Files";
			sourceTree = "<group>";
		};
/* End PBXGroup section */

/* Begin PBXNativeTarget section */
		6C75B0241CDEEB5100B4CB10 /* Forecaster */ = {
			isa = PBXNativeTarget;
			buildConfigurationList = 6C75B03C1CDEEB5100B4CB10 /* Build configuration list for PBXNativeTarget "Forecaster" */;
			buildPhases = (
				6C75B0211CDEEB5100B4CB10 /* Sources */,
				6C75B0221CDEEB5100B4CB10 /* Frameworks */,
				6C75B0231CDEEB5100B4CB10 /* Resources */,
			);
			buildRules = (
			);
			dependencies = (
			);
			name = Forecaster;
			productName = Forecaster;
			productReference = 6C75B0251CDEEB5100B4CB10 /* Forecaster.app */;
			productType = "com.apple.product-type.application";
		};
/* End PBXNativeTarget section */

/* Begin PBXProject section */
		6C75B01D1CDEEB5100B4CB10 /* Project object */ = {
			isa = PBXProject;
			attributes = {
				LastUpgradeCheck = 0720;
				ORGANIZATIONNAME = moorsideinc;
				TargetAttributes = {
					6C75B0241CDEEB5100B4CB10 = {
						CreatedOnToolsVersion = 7.2.1;
					};
				};
			};
			buildConfigurationList = 6C75B0201CDEEB5100B4CB10 /* Build configuration list for PBXProject "Forecaster" */;
			compatibilityVersion = "Xcode 3.2";
			developmentRegion = English;
			hasScannedForEncodings = 0;
			knownRegions = (
				en,
				Base,
			);
			mainGroup = 6C75B01C1CDEEB5100B4CB10;
			productRefGroup = 6C75B0261CDEEB5100B4CB10 /* Products */;
			projectDirPath = "";
			projectRoot = "";
			targets = (
				6C75B0241CDEEB5100B4CB10 /* Forecaster */,
			);
		};
/* End PBXProject section */

/* Begin PBXResourcesBuildPhase section */
		6C75B0231CDEEB5100B4CB10 /* Resources */ = {
			isa = PBXResourcesBuildPhase;
			buildActionMask = 2147483647;
			files = (
				6C75B0381CDEEB5100B4CB10 /* LaunchScreen.storyboard in Resources */,
				6C75B0351CDEEB5100B4CB10 /* Assets.xcassets in Resources */,
				6C75B0331CDEEB5100B4CB10 /* Main.storyboard in Resources */,
			);
			runOnlyForDeploymentPostprocessing = 0;
		};
/* End PBXResourcesBuildPhase section */

/* Begin PBXSourcesBuildPhase section */
		6C75B0211CDEEB5100B4CB10 /* Sources */ = {
			isa = PBXSourcesBuildPhase;
			buildActionMask = 2147483647;
			files = (
				6C1521AE1CDF0C1600779598 /* CurrentForecast.m in Sources */,
				6C3A811D1CE1E58E00B56C2E /* DetailForecastViewController.m in Sources */,
				6C1521AB1CDF089100779598 /* Location.m in Sources */,
				6C3A81201CE1F9E500B56C2E /* WeeklyForecast.m in Sources */,
				6C75B02D1CDEEB5100B4CB10 /* AppDelegate.m in Sources */,
				6C75B02A1CDEEB5100B4CB10 /* main.m in Sources */,
				6CE0AF331CE284DD00B31710 /* CellViewWeekly.m in Sources */,
				6C75B0491CDEF82D00B4CB10 /* CellView.m in Sources */,
				6CE0AF301CE27FAC00B31710 /* WeeklyForecastTViewController.m in Sources */,
				6CE0AF2D1CE264CA00B31710 /* DailyForecast.m in Sources */,
				6C75B0431CDEF41D00B4CB10 /* MainViewController.m in Sources */,
			);
			runOnlyForDeploymentPostprocessing = 0;
		};
/* End PBXSourcesBuildPhase section */

/* Begin PBXVariantGroup section */
		6C75B0311CDEEB5100B4CB10 /* Main.storyboard */ = {
			isa = PBXVariantGroup;
			children = (
				6C75B0321CDEEB5100B4CB10 /* Base */,
			);
			name = Main.storyboard;
			sourceTree = "<group>";
		};
		6C75B0361CDEEB5100B4CB10 /* LaunchScreen.storyboard */ = {
			isa = PBXVariantGroup;
			children = (
				6C75B0371CDEEB5100B4CB10 /* Base */,
			);
			name = LaunchScreen.storyboard;
			sourceTree = "<group>";
		};
/* End PBXVariantGroup section */

/* Begin XCBuildConfiguration section */
		6C75B03A1CDEEB5100B4CB10 /* Debug */ = {
			isa = XCBuildConfiguration;
			buildSettings = {
				ALWAYS_SEARCH_USER_PATHS = NO;
				CLANG_CXX_LANGUAGE_STANDARD = "gnu++0x";
				CLANG_CXX_LIBRARY = "libc++";
				CLANG_ENABLE_MODULES = YES;
				CLANG_ENABLE_OBJC_ARC = YES;
				CLANG_WARN_BOOL_CONVERSION = YES;
				CLANG_WARN_CONSTANT_CONVERSION = YES;
				CLANG_WARN_DIRECT_OBJC_ISA_USAGE = YES_ERROR;
				CLANG_WARN_EMPTY_BODY = YES;
				CLANG_WARN_ENUM_CONVERSION = YES;
				CLANG_WARN_INT_CONVERSION = YES;
				CLANG_WARN_OBJC_ROOT_CLASS = YES_ERROR;
				CLANG_WARN_UNREACHABLE_CODE = YES;
				CLANG_WARN__DUPLICATE_METHOD_MATCH = YES;
				"CODE_SIGN_IDENTITY[sdk=iphoneos*]" = "iPhone Developer";
				COPY_PHASE_STRIP = NO;
				DEBUG_INFORMATION_FORMAT = dwarf;
				ENABLE_STRICT_OBJC_MSGSEND = YES;
				ENABLE_TESTABILITY = YES;
				GCC_C_LANGUAGE_STANDARD = gnu99;
				GCC_DYNAMIC_NO_PIC = NO;
				GCC_NO_COMMON_BLOCKS = YES;
				GCC_OPTIMIZATION_LEVEL = 0;
				GCC_PREPROCESSOR_DEFINITIONS = (
					"DEBUG=1",
					"$(inherited)",
				);
				GCC_WARN_64_TO_32_BIT_CONVERSION = YES;
				GCC_WARN_ABOUT_RETURN_TYPE = YES_ERROR;
				GCC_WARN_UNDECLARED_SELECTOR = YES;
				GCC_WARN_UNINITIALIZED_AUTOS = YES_AGGRESSIVE;
				GCC_WARN_UNUSED_FUNCTION = YES;
				GCC_WARN_UNUSED_VARIABLE = YES;
				IPHONEOS_DEPLOYMENT_TARGET = 9.2;
				MTL_ENABLE_DEBUG_INFO = YES;
				ONLY_ACTIVE_ARCH = YES;
				SDKROOT = iphoneos;
			};
			name = Debug;
		};
		6C75B03B1CDEEB5100B4CB10 /* Release */ = {
			isa = XCBuildConfiguration;
			buildSettings = {
				ALWAYS_SEARCH_USER_PATHS = NO;
				CLANG_CXX_LANGUAGE_STANDARD = "gnu++0x";
				CLANG_CXX_LIBRARY = "libc++";
				CLANG_ENABLE_MODULES = YES;
				CLANG_ENABLE_OBJC_ARC = YES;
				CLANG_WARN_BOOL_CONVERSION = YES;
				CLANG_WARN_CONSTANT_CONVERSION = YES;
				CLANG_WARN_DIRECT_OBJC_ISA_USAGE = YES_ERROR;
				CLANG_WARN_EMPTY_BODY = YES;
				CLANG_WARN_ENUM_CONVERSION = YES;
				CLANG_WARN_INT_CONVERSION = YES;
				CLANG_WARN_OBJC_ROOT_CLASS = YES_ERROR;
				CLANG_WARN_UNREACHABLE_CODE = YES;
				CLANG_WARN__DUPLICATE_METHOD_MATCH = YES;
				"CODE_SIGN_IDENTITY[sdk=iphoneos*]" = "iPhone Developer";
				COPY_PHASE_STRIP = NO;
				DEBUG_INFORMATION_FORMAT = "dwarf-with-dsym";
				ENABLE_NS_ASSERTIONS = NO;
				ENABLE_STRICT_OBJC_MSGSEND = YES;
				GCC_C_LANGUAGE_STANDARD = gnu99;
				GCC_NO_COMMON_BLOCKS = YES;
				GCC_WARN_64_TO_32_BIT_CONVERSION = YES;
				GCC_WARN_ABOUT_RETURN_TYPE = YES_ERROR;
				GCC_WARN_UNDECLARED_SELECTOR = YES;
				GCC_WARN_UNINITIALIZED_AUTOS = YES_AGGRESSIVE;
				GCC_WARN_UNUSED_FUNCTION = YES;
				GCC_WARN_UNUSED_VARIABLE = YES;
				IPHONEOS_DEPLOYMENT_TARGET = 9.2;
				MTL_ENABLE_DEBUG_INFO = NO;
				SDKROOT = iphoneos;
				VALIDATE_PRODUCT = YES;
			};
			name = Release;
		};
		6C75B03D1CDEEB5100B4CB10 /* Debug */ = {
			isa = XCBuildConfiguration;
			buildSettings = {
				ASSETCATALOG_COMPILER_APPICON_NAME = AppIcon;
				INFOPLIST_FILE = Forecaster/Info.plist;
				LD_RUNPATH_SEARCH_PATHS = "$(inherited) @executable_path/Frameworks";
				PRODUCT_BUNDLE_IDENTIFIER = com.moorsideinc.Forecaster;
				PRODUCT_NAME = "$(TARGET_NAME)";
			};
			name = Debug;
		};
		6C75B03E1CDEEB5100B4CB10 /* Release */ = {
			isa = XCBuildConfiguration;
			buildSettings = {
				ASSETCATALOG_COMPILER_APPICON_NAME = AppIcon;
				INFOPLIST_FILE = Forecaster/Info.plist;
				LD_RUNPATH_SEARCH_PATHS = "$(inherited) @executable_path/Frameworks";
				PRODUCT_BUNDLE_IDENTIFIER = com.moorsideinc.Forecaster;
				PRODUCT_NAME = "$(TARGET_NAME)";
			};
			name = Release;
		};
/* End XCBuildConfiguration section */

/* Begin XCConfigurationList section */
		6C75B0201CDEEB5100B4CB10 /* Build configuration list for PBXProject "Forecaster" */ = {
			isa = XCConfigurationList;
			buildConfigurations = (
				6C75B03A1CDEEB5100B4CB10 /* Debug */,
				6C75B03B1CDEEB5100B4CB10 /* Release */,
			);
			defaultConfigurationIsVisible = 0;
			defaultConfigurationName = Release;
		};
		6C75B03C1CDEEB5100B4CB10 /* Build configuration list for PBXNativeTarget "Forecaster" */ = {
			isa = XCConfigurationList;
			buildConfigurations = (
				6C75B03D1CDEEB5100B4CB10 /* Debug */,
				6C75B03E1CDEEB5100B4CB10 /* Release */,
			);
			defaultConfigurationIsVisible = 0;
			defaultConfigurationName = Release;
		};
/* End XCConfigurationList section */
	};
	rootObject = 6C75B01D1CDEEB5100B4CB10 /* Project object */;
}
